
Microsoft Visual Studio Solution File, Format Version 12.00
# Visual Studio Version 16
VisualStudioVersion = 16.0.30011.22
MinimumVisualStudioVersion = 10.0.40219.1
Project("{9A19103F-16F7-4668-BE54-9A1E7A4F7556}") = "ZoomlaCMS-netcore-001", "ZoomlaCMS-netcore-001.csproj", "{1354642F-9703-4D32-ABE3-9D2F3174FE44}"
EndProject
Global
	GlobalSection(SolutionConfigurationPlatforms) = preSolution
		Debug|Any CPU = Debug|Any CPU
		Release|Any CPU = Release|Any CPU
	EndGlobalSection
	GlobalSection(ProjectConfigurationPlatforms) = postSolution
		{1354642F-9703-4D32-ABE3-9D2F3174FE44}.Debug|Any CPU.ActiveCfg = Debug|Any CPU
		{1354642F-9703-4D32-ABE3-9D2F3174FE44}.Debug|Any CPU.Build.0 = Debug|Any CPU
		{1354642F-9703-4D32-ABE3-9D2F3174FE44}.Release|Any CPU.ActiveCfg = Release|Any CPU
		{1354642F-9703-4D32-ABE3-9D2F3174FE44}.Release|Any CPU.Build.0 = Release|Any CPU
	EndGlobalSection
	GlobalSection(SolutionProperties) = preSolution
		HideSolutionNode = FALSE
	EndGlobalSection
	GlobalSection(ExtensibilityGlobals) = postSolution
		SolutionGuid = {7970E9FB-F257-4AF0-9462-E44D447DFBA3}
	EndGlobalSection
EndGlobal
