
Microsoft Visual Studio Solution File, Format Version 12.00
# Visual Studio Version 16
VisualStudioVersion = 16.0.30011.22
MinimumVisualStudioVersion = 10.0.40219.1
Project("{FAE04EC0-301F-11D3-BF4B-00C04F79EFBC}") = "aspx输出System.IO", "aspx输出System.IO.csproj", "{76A3DFB4-B4F0-4792-989B-FE6E5889B770}"
EndProject
Global
	GlobalSection(SolutionConfigurationPlatforms) = preSolution
		Debug|Any CPU = Debug|Any CPU
		Release|Any CPU = Release|Any CPU
	EndGlobalSection
	GlobalSection(ProjectConfigurationPlatforms) = postSolution
		{76A3DFB4-B4F0-4792-989B-FE6E5889B770}.Debug|Any CPU.ActiveCfg = Debug|Any CPU
		{76A3DFB4-B4F0-4792-989B-FE6E5889B770}.Debug|Any CPU.Build.0 = Debug|Any CPU
		{76A3DFB4-B4F0-4792-989B-FE6E5889B770}.Release|Any CPU.ActiveCfg = Release|Any CPU
		{76A3DFB4-B4F0-4792-989B-FE6E5889B770}.Release|Any CPU.Build.0 = Release|Any CPU
	EndGlobalSection
	GlobalSection(SolutionProperties) = preSolution
		HideSolutionNode = FALSE
	EndGlobalSection
	GlobalSection(ExtensibilityGlobals) = postSolution
		SolutionGuid = {7AEEE28B-FDE2-498E-B2BE-592E513AD700}
	EndGlobalSection
EndGlobal
